Microsoft Visual Studio Solution File, Format Version 12.00
# Visual Studio Version 17
VisualStudioVersion = 17.5.2.0
MinimumVisualStudioVersion = 10.0.40219.1
Project("{2150E333-8FDC-42A3-9474-1A3956D46DE8}") = "S01", "S01", "{569CE85B-76C4-D070-695D-5FDF0B5C7EA8}"
EndProject
Project("{2150E333-8FDC-42A3-9474-1A3956D46DE8}") = "HW", "HW", "{91E7E143-6847-8364-5605-EB8D09635DB9}"
EndProject
Project("{FAE04EC0-301F-11D3-BF4B-00C04F79EFBC}") = "1.0", "S01\HW\1.0\1.0.csproj", "{561715CC-FFD4-3ED3-1F9A-CF82B23AD108}"
EndProject
Project("{FAE04EC0-301F-11D3-BF4B-00C04F79EFBC}") = "2.1", "S01\HW\2.1\2.1.csproj", "{880EF696-268D-3504-B1C5-31CDB3A3FC80}"
EndProject
Project("{FAE04EC0-301F-11D3-BF4B-00C04F79EFBC}") = "triangles", "S01\HW\2.4\triangles.csproj", "{6F561855-88AE-BA94-C52B-DBE69F4F7F9D}"
EndProject
Project("{2150E333-8FDC-42A3-9474-1A3956D46DE8}") = "2.10", "2.10", "{337AAFE9-8881-BB0E-E290-DFF9FB47BACA}"
EndProject
Project("{FAE04EC0-301F-11D3-BF4B-00C04F79EFBC}") = "math", "S01\HW\2.10\math\math.csproj", "{79AC9B1A-8106-5AE2-B164-3ECD84821661}"
EndProject
Project("{FAE04EC0-301F-11D3-BF4B-00C04F79EFBC}") = "stats", "S01\HW\2.10\stats\stats.csproj", "{F4312E81-8BAB-A60B-AA70-D08B87395477}"
EndProject
Project("{2150E333-8FDC-42A3-9474-1A3956D46DE8}") = "2.3", "2.3", "{BAAE59CB-C311-562B-B060-5A3EF7BC8D9B}"
EndProject
Project("{FAE04EC0-301F-11D3-BF4B-00C04F79EFBC}") = "RocketShipLong", "S01\HW\2.3\RocketShipLong\RocketShipLong.csproj", "{4C83E611-5FB1-C1AF-34F0-294E8D1FF486}"
EndProject
Project("{2150E333-8FDC-42A3-9474-1A3956D46DE8}") = "2.5", "2.5", "{BCE6B31D-D22F-1407-0F34-7AAF869FE7FF}"
EndProject
Project("{FAE04EC0-301F-11D3-BF4B-00C04F79EFBC}") = "averageOfsquares", "S01\HW\2.5\averageOfsquares\averageOfsquares.csproj", "{E16852C6-8983-3420-7DCB-FD2F775EDF51}"
EndProject
Project("{FAE04EC0-301F-11D3-BF4B-00C04F79EFBC}") = "CtoF", "S01\HW\2.5\CtoF\CtoF.csproj", "{EDFBDA91-6BC0-E5EF-C010-D3500EFA4385}"
EndProject
Project("{FAE04EC0-301F-11D3-BF4B-00C04F79EFBC}") = "Factorial", "S01\HW\2.5\Factorial\Factorial.csproj", "{0C786B3B-44AC-B51D-248F-359705C23FAC}"
EndProject
Project("{FAE04EC0-301F-11D3-BF4B-00C04F79EFBC}") = "FtoC", "S01\HW\2.5\FtoC\FtoC.csproj", "{95FEC677-D44A-1A7E-A437-50E56B791F87}"
EndProject
Project("{FAE04EC0-301F-11D3-BF4B-00C04F79EFBC}") = "power", "S01\HW\2.5\power\power.csproj", "{9566F68B-D6E8-3665-5D09-6EC5A6847D4E}"
EndProject
Project("{FAE04EC0-301F-11D3-BF4B-00C04F79EFBC}") = "quadradic", "S01\HW\2.5\quadradic\quadradic.csproj", "{574D6A62-2EBA-2163-10D2-ABA0EC37291A}"
EndProject
Project("{2150E333-8FDC-42A3-9474-1A3956D46DE8}") = "2.6", "2.6", "{04A5E706-B6F4-5739-5C47-876A263A2FEF}"
EndProject
Project("{FAE04EC0-301F-11D3-BF4B-00C04F79EFBC}") = "calendar", "S01\HW\2.6\calendar\calendar.csproj", "{19E23150-C96F-B1AD-6CE5-4D5F61444253}"
EndProject
Project("{FAE04EC0-301F-11D3-BF4B-00C04F79EFBC}") = "ComputeCHange", "S01\HW\2.6\ComputeCHange\ComputeCHange.csproj", "{F0799CA4-5FB3-21AD-2B82-FFFDBA943255}"
EndProject
Project("{FAE04EC0-301F-11D3-BF4B-00C04F79EFBC}") = "LeapYear", "S01\HW\2.6\LeapYear\LeapYear.csproj", "{5DA02FD0-B676-78B1-7883-8D33B32F3695}"
EndProject
Project("{FAE04EC0-301F-11D3-BF4B-00C04F79EFBC}") = "MoreAskiiArt", "S01\HW\2.6\MoreAskiiArt\MoreAskiiArt.csproj", "{615F6AAC-53E7-B603-E48A-C5F32DBA364F}"
EndProject
Project("{FAE04EC0-301F-11D3-BF4B-00C04F79EFBC}") = "MyAskiArg", "S01\HW\2.6\MyAskiArg\MyAskiArg.csproj", "{0FA9C572-DA0C-6A50-9E31-6BAB23F8934C}"
EndProject
Project("{FAE04EC0-301F-11D3-BF4B-00C04F79EFBC}") = "Pythagorean", "S01\HW\2.6\Pythagorean\Pythagorean.csproj", "{75B8478F-93C2-0162-408E-D51CEC4D6ACE}"
EndProject
Project("{2150E333-8FDC-42A3-9474-1A3956D46DE8}") = "2.7", "2.7", "{ADBE3826-5366-CC7F-1C1C-57A65A289B4F}"
EndProject
Project("{FAE04EC0-301F-11D3-BF4B-00C04F79EFBC}") = "absolute", "S01\HW\2.7\absolute\absolute.csproj", "{080559AF-4ED5-A1CD-0006-E4822C854EAC}"
EndProject
Project("{FAE04EC0-301F-11D3-BF4B-00C04F79EFBC}") = "date", "S01\HW\2.7\date\date.csproj", "{BFF6114A-B395-174D-609D-D4C95952BF8A}"
EndProject
Project("{FAE04EC0-301F-11D3-BF4B-00C04F79EFBC}") = "factorial", "S01\HW\2.7\factorial\factorial.csproj", "{6DDA5039-C3F5-20FD-45BF-D33FC0ABEB79}"
EndProject
Project("{FAE04EC0-301F-11D3-BF4B-00C04F79EFBC}") = "fibonachi", "S01\HW\2.7\fibonachi\fibonachi.csproj", "{2051B728-25E8-2BCB-959F-5C3FE02E9BFC}"
EndProject
Project("{FAE04EC0-301F-11D3-BF4B-00C04F79EFBC}") = "prime", "S01\HW\2.7\prime\prime.csproj", "{EA9E4EE8-44E0-75FB-F2DE-71625742391E}"
EndProject
Project("{2150E333-8FDC-42A3-9474-1A3956D46DE8}") = "2.8", "2.8", "{A91D8805-112C-A95C-5B5D-B1FBFD8779C6}"
EndProject
Project("{FAE04EC0-301F-11D3-BF4B-00C04F79EFBC}") = "sum", "S01\HW\2.8\sum\sum.csproj", "{C54657B5-612B-35C2-D2C4-82E720CE7BAB}"
EndProject
Project("{2150E333-8FDC-42A3-9474-1A3956D46DE8}") = "2.9", "2.9", "{C480F36E-4E54-07A3-844E-A5717D4F9099}"
EndProject
Project("{FAE04EC0-301F-11D3-BF4B-00C04F79EFBC}") = "assertaion", "S01\HW\2.9\assertaion\assertaion.csproj", "{7B34410D-4554-56D5-2067-31EE09F1B85E}"
EndProject
Global
	GlobalSection(SolutionConfigurationPlatforms) = preSolution
		Debug|Any CPU = Debug|Any CPU
		Release|Any CPU = Release|Any CPU
	EndGlobalSection
	GlobalSection(ProjectConfigurationPlatforms) = postSolution
		{561715CC-FFD4-3ED3-1F9A-CF82B23AD108}.Debug|Any CPU.ActiveCfg = Debug|Any CPU
		{561715CC-FFD4-3ED3-1F9A-CF82B23AD108}.Debug|Any CPU.Build.0 = Debug|Any CPU
		{561715CC-FFD4-3ED3-1F9A-CF82B23AD108}.Release|Any CPU.ActiveCfg = Release|Any CPU
		{561715CC-FFD4-3ED3-1F9A-CF82B23AD108}.Release|Any CPU.Build.0 = Release|Any CPU
		{880EF696-268D-3504-B1C5-31CDB3A3FC80}.Debug|Any CPU.ActiveCfg = Debug|Any CPU
		{880EF696-268D-3504-B1C5-31CDB3A3FC80}.Debug|Any CPU.Build.0 = Debug|Any CPU
		{880EF696-268D-3504-B1C5-31CDB3A3FC80}.Release|Any CPU.ActiveCfg = Release|Any CPU
		{880EF696-268D-3504-B1C5-31CDB3A3FC80}.Release|Any CPU.Build.0 = Release|Any CPU
		{6F561855-88AE-BA94-C52B-DBE69F4F7F9D}.Debug|Any CPU.ActiveCfg = Debug|Any CPU
		{6F561855-88AE-BA94-C52B-DBE69F4F7F9D}.Debug|Any CPU.Build.0 = Debug|Any CPU
		{6F561855-88AE-BA94-C52B-DBE69F4F7F9D}.Release|Any CPU.ActiveCfg = Release|Any CPU
		{6F561855-88AE-BA94-C52B-DBE69F4F7F9D}.Release|Any CPU.Build.0 = Release|Any CPU
		{79AC9B1A-8106-5AE2-B164-3ECD84821661}.Debug|Any CPU.ActiveCfg = Debug|Any CPU
		{79AC9B1A-8106-5AE2-B164-3ECD84821661}.Debug|Any CPU.Build.0 = Debug|Any CPU
		{79AC9B1A-8106-5AE2-B164-3ECD84821661}.Release|Any CPU.ActiveCfg = Release|Any CPU
		{79AC9B1A-8106-5AE2-B164-3ECD84821661}.Release|Any CPU.Build.0 = Release|Any CPU
		{F4312E81-8BAB-A60B-AA70-D08B87395477}.Debug|Any CPU.ActiveCfg = Debug|Any CPU
		{F4312E81-8BAB-A60B-AA70-D08B87395477}.Debug|Any CPU.Build.0 = Debug|Any CPU
		{F4312E81-8BAB-A60B-AA70-D08B87395477}.Release|Any CPU.ActiveCfg = Release|Any CPU
		{F4312E81-8BAB-A60B-AA70-D08B87395477}.Release|Any CPU.Build.0 = Release|Any CPU
		{4C83E611-5FB1-C1AF-34F0-294E8D1FF486}.Debug|Any CPU.ActiveCfg = Debug|Any CPU
		{4C83E611-5FB1-C1AF-34F0-294E8D1FF486}.Debug|Any CPU.Build.0 = Debug|Any CPU
		{4C83E611-5FB1-C1AF-34F0-294E8D1FF486}.Release|Any CPU.ActiveCfg = Release|Any CPU
		{4C83E611-5FB1-C1AF-34F0-294E8D1FF486}.Release|Any CPU.Build.0 = Release|Any CPU
		{E16852C6-8983-3420-7DCB-FD2F775EDF51}.Debug|Any CPU.ActiveCfg = Debug|Any CPU
		{E16852C6-8983-3420-7DCB-FD2F775EDF51}.Debug|Any CPU.Build.0 = Debug|Any CPU
		{E16852C6-8983-3420-7DCB-FD2F775EDF51}.Release|Any CPU.ActiveCfg = Release|Any CPU
		{E16852C6-8983-3420-7DCB-FD2F775EDF51}.Release|Any CPU.Build.0 = Release|Any CPU
		{EDFBDA91-6BC0-E5EF-C010-D3500EFA4385}.Debug|Any CPU.ActiveCfg = Debug|Any CPU
		{EDFBDA91-6BC0-E5EF-C010-D3500EFA4385}.Debug|Any CPU.Build.0 = Debug|Any CPU
		{EDFBDA91-6BC0-E5EF-C010-D3500EFA4385}.Release|Any CPU.ActiveCfg = Release|Any CPU
		{EDFBDA91-6BC0-E5EF-C010-D3500EFA4385}.Release|Any CPU.Build.0 = Release|Any CPU
		{0C786B3B-44AC-B51D-248F-359705C23FAC}.Debug|Any CPU.ActiveCfg = Debug|Any CPU
		{0C786B3B-44AC-B51D-248F-359705C23FAC}.Debug|Any CPU.Build.0 = Debug|Any CPU
		{0C786B3B-44AC-B51D-248F-359705C23FAC}.Release|Any CPU.ActiveCfg = Release|Any CPU
		{0C786B3B-44AC-B51D-248F-359705C23FAC}.Release|Any CPU.Build.0 = Release|Any CPU
		{95FEC677-D44A-1A7E-A437-50E56B791F87}.Debug|Any CPU.ActiveCfg = Debug|Any CPU
		{95FEC677-D44A-1A7E-A437-50E56B791F87}.Debug|Any CPU.Build.0 = Debug|Any CPU
		{95FEC677-D44A-1A7E-A437-50E56B791F87}.Release|Any CPU.ActiveCfg = Release|Any CPU
		{95FEC677-D44A-1A7E-A437-50E56B791F87}.Release|Any CPU.Build.0 = Release|Any CPU
		{9566F68B-D6E8-3665-5D09-6EC5A6847D4E}.Debug|Any CPU.ActiveCfg = Debug|Any CPU
		{9566F68B-D6E8-3665-5D09-6EC5A6847D4E}.Debug|Any CPU.Build.0 = Debug|Any CPU
		{9566F68B-D6E8-3665-5D09-6EC5A6847D4E}.Release|Any CPU.ActiveCfg = Release|Any CPU
		{9566F68B-D6E8-3665-5D09-6EC5A6847D4E}.Release|Any CPU.Build.0 = Release|Any CPU
		{574D6A62-2EBA-2163-10D2-ABA0EC37291A}.Debug|Any CPU.ActiveCfg = Debug|Any CPU
		{574D6A62-2EBA-2163-10D2-ABA0EC37291A}.Debug|Any CPU.Build.0 = Debug|Any CPU
		{574D6A62-2EBA-2163-10D2-ABA0EC37291A}.Release|Any CPU.ActiveCfg = Release|Any CPU
		{574D6A62-2EBA-2163-10D2-ABA0EC37291A}.Release|Any CPU.Build.0 = Release|Any CPU
		{19E23150-C96F-B1AD-6CE5-4D5F61444253}.Debug|Any CPU.ActiveCfg = Debug|Any CPU
		{19E23150-C96F-B1AD-6CE5-4D5F61444253}.Debug|Any CPU.Build.0 = Debug|Any CPU
		{19E23150-C96F-B1AD-6CE5-4D5F61444253}.Release|Any CPU.ActiveCfg = Release|Any CPU
		{19E23150-C96F-B1AD-6CE5-4D5F61444253}.Release|Any CPU.Build.0 = Release|Any CPU
		{F0799CA4-5FB3-21AD-2B82-FFFDBA943255}.Debug|Any CPU.ActiveCfg = Debug|Any CPU
		{F0799CA4-5FB3-21AD-2B82-FFFDBA943255}.Debug|Any CPU.Build.0 = Debug|Any CPU
		{F0799CA4-5FB3-21AD-2B82-FFFDBA943255}.Release|Any CPU.ActiveCfg = Release|Any CPU
		{F0799CA4-5FB3-21AD-2B82-FFFDBA943255}.Release|Any CPU.Build.0 = Release|Any CPU
		{5DA02FD0-B676-78B1-7883-8D33B32F3695}.Debug|Any CPU.ActiveCfg = Debug|Any CPU
		{5DA02FD0-B676-78B1-7883-8D33B32F3695}.Debug|Any CPU.Build.0 = Debug|Any CPU
		{5DA02FD0-B676-78B1-7883-8D33B32F3695}.Release|Any CPU.ActiveCfg = Release|Any CPU
		{5DA02FD0-B676-78B1-7883-8D33B32F3695}.Release|Any CPU.Build.0 = Release|Any CPU
		{615F6AAC-53E7-B603-E48A-C5F32DBA364F}.Debug|Any CPU.ActiveCfg = Debug|Any CPU
		{615F6AAC-53E7-B603-E48A-C5F32DBA364F}.Debug|Any CPU.Build.0 = Debug|Any CPU
		{615F6AAC-53E7-B603-E48A-C5F32DBA364F}.Release|Any CPU.ActiveCfg = Release|Any CPU
		{615F6AAC-53E7-B603-E48A-C5F32DBA364F}.Release|Any CPU.Build.0 = Release|Any CPU
		{0FA9C572-DA0C-6A50-9E31-6BAB23F8934C}.Debug|Any CPU.ActiveCfg = Debug|Any CPU
		{0FA9C572-DA0C-6A50-9E31-6BAB23F8934C}.Debug|Any CPU.Build.0 = Debug|Any CPU
		{0FA9C572-DA0C-6A50-9E31-6BAB23F8934C}.Release|Any CPU.ActiveCfg = Release|Any CPU
		{0FA9C572-DA0C-6A50-9E31-6BAB23F8934C}.Release|Any CPU.Build.0 = Release|Any CPU
		{75B8478F-93C2-0162-408E-D51CEC4D6ACE}.Debug|Any CPU.ActiveCfg = Debug|Any CPU
		{75B8478F-93C2-0162-408E-D51CEC4D6ACE}.Debug|Any CPU.Build.0 = Debug|Any CPU
		{75B8478F-93C2-0162-408E-D51CEC4D6ACE}.Release|Any CPU.ActiveCfg = Release|Any CPU
		{75B8478F-93C2-0162-408E-D51CEC4D6ACE}.Release|Any CPU.Build.0 = Release|Any CPU
		{080559AF-4ED5-A1CD-0006-E4822C854EAC}.Debug|Any CPU.ActiveCfg = Debug|Any CPU
		{080559AF-4ED5-A1CD-0006-E4822C854EAC}.Debug|Any CPU.Build.0 = Debug|Any CPU
		{080559AF-4ED5-A1CD-0006-E4822C854EAC}.Release|Any CPU.ActiveCfg = Release|Any CPU
		{080559AF-4ED5-A1CD-0006-E4822C854EAC}.Release|Any CPU.Build.0 = Release|Any CPU
		{BFF6114A-B395-174D-609D-D4C95952BF8A}.Debug|Any CPU.ActiveCfg = Debug|Any CPU
		{BFF6114A-B395-174D-609D-D4C95952BF8A}.Debug|Any CPU.Build.0 = Debug|Any CPU
		{BFF6114A-B395-174D-609D-D4C95952BF8A}.Release|Any CPU.ActiveCfg = Release|Any CPU
		{BFF6114A-B395-174D-609D-D4C95952BF8A}.Release|Any CPU.Build.0 = Release|Any CPU
		{6DDA5039-C3F5-20FD-45BF-D33FC0ABEB79}.Debug|Any CPU.ActiveCfg = Debug|Any CPU
		{6DDA5039-C3F5-20FD-45BF-D33FC0ABEB79}.Debug|Any CPU.Build.0 = Debug|Any CPU
		{6DDA5039-C3F5-20FD-45BF-D33FC0ABEB79}.Release|Any CPU.ActiveCfg = Release|Any CPU
		{6DDA5039-C3F5-20FD-45BF-D33FC0ABEB79}.Release|Any CPU.Build.0 = Release|Any CPU
		{2051B728-25E8-2BCB-959F-5C3FE02E9BFC}.Debug|Any CPU.ActiveCfg = Debug|Any CPU
		{2051B728-25E8-2BCB-959F-5C3FE02E9BFC}.Debug|Any CPU.Build.0 = Debug|Any CPU
		{2051B728-25E8-2BCB-959F-5C3FE02E9BFC}.Release|Any CPU.ActiveCfg = Release|Any CPU
		{2051B728-25E8-2BCB-959F-5C3FE02E9BFC}.Release|Any CPU.Build.0 = Release|Any CPU
		{EA9E4EE8-44E0-75FB-F2DE-71625742391E}.Debug|Any CPU.ActiveCfg = Debug|Any CPU
		{EA9E4EE8-44E0-75FB-F2DE-71625742391E}.Debug|Any CPU.Build.0 = Debug|Any CPU
		{EA9E4EE8-44E0-75FB-F2DE-71625742391E}.Release|Any CPU.ActiveCfg = Release|Any CPU
		{EA9E4EE8-44E0-75FB-F2DE-71625742391E}.Release|Any CPU.Build.0 = Release|Any CPU
		{C54657B5-612B-35C2-D2C4-82E720CE7BAB}.Debug|Any CPU.ActiveCfg = Debug|Any CPU
		{C54657B5-612B-35C2-D2C4-82E720CE7BAB}.Debug|Any CPU.Build.0 = Debug|Any CPU
		{C54657B5-612B-35C2-D2C4-82E720CE7BAB}.Release|Any CPU.ActiveCfg = Release|Any CPU
		{C54657B5-612B-35C2-D2C4-82E720CE7BAB}.Release|Any CPU.Build.0 = Release|Any CPU
		{7B34410D-4554-56D5-2067-31EE09F1B85E}.Debug|Any CPU.ActiveCfg = Debug|Any CPU
		{7B34410D-4554-56D5-2067-31EE09F1B85E}.Debug|Any CPU.Build.0 = Debug|Any CPU
		{7B34410D-4554-56D5-2067-31EE09F1B85E}.Release|Any CPU.ActiveCfg = Release|Any CPU
		{7B34410D-4554-56D5-2067-31EE09F1B85E}.Release|Any CPU.Build.0 = Release|Any CPU
	EndGlobalSection
	GlobalSection(SolutionProperties) = preSolution
		HideSolutionNode = FALSE
	EndGlobalSection
	GlobalSection(NestedProjects) = preSolution
		{91E7E143-6847-8364-5605-EB8D09635DB9} = {569CE85B-76C4-D070-695D-5FDF0B5C7EA8}
		{561715CC-FFD4-3ED3-1F9A-CF82B23AD108} = {91E7E143-6847-8364-5605-EB8D09635DB9}
		{880EF696-268D-3504-B1C5-31CDB3A3FC80} = {91E7E143-6847-8364-5605-EB8D09635DB9}
		{6F561855-88AE-BA94-C52B-DBE69F4F7F9D} = {91E7E143-6847-8364-5605-EB8D09635DB9}
		{337AAFE9-8881-BB0E-E290-DFF9FB47BACA} = {91E7E143-6847-8364-5605-EB8D09635DB9}
		{79AC9B1A-8106-5AE2-B164-3ECD84821661} = {337AAFE9-8881-BB0E-E290-DFF9FB47BACA}
		{F4312E81-8BAB-A60B-AA70-D08B87395477} = {337AAFE9-8881-BB0E-E290-DFF9FB47BACA}
		{BAAE59CB-C311-562B-B060-5A3EF7BC8D9B} = {91E7E143-6847-8364-5605-EB8D09635DB9}
		{4C83E611-5FB1-C1AF-34F0-294E8D1FF486} = {BAAE59CB-C311-562B-B060-5A3EF7BC8D9B}
		{BCE6B31D-D22F-1407-0F34-7AAF869FE7FF} = {91E7E143-6847-8364-5605-EB8D09635DB9}
		{E16852C6-8983-3420-7DCB-FD2F775EDF51} = {BCE6B31D-D22F-1407-0F34-7AAF869FE7FF}
		{EDFBDA91-6BC0-E5EF-C010-D3500EFA4385} = {BCE6B31D-D22F-1407-0F34-7AAF869FE7FF}
		{0C786B3B-44AC-B51D-248F-359705C23FAC} = {BCE6B31D-D22F-1407-0F34-7AAF869FE7FF}
		{95FEC677-D44A-1A7E-A437-50E56B791F87} = {BCE6B31D-D22F-1407-0F34-7AAF869FE7FF}
		{9566F68B-D6E8-3665-5D09-6EC5A6847D4E} = {BCE6B31D-D22F-1407-0F34-7AAF869FE7FF}
		{574D6A62-2EBA-2163-10D2-ABA0EC37291A} = {BCE6B31D-D22F-1407-0F34-7AAF869FE7FF}
		{04A5E706-B6F4-5739-5C47-876A263A2FEF} = {91E7E143-6847-8364-5605-EB8D09635DB9}
		{19E23150-C96F-B1AD-6CE5-4D5F61444253} = {04A5E706-B6F4-5739-5C47-876A263A2FEF}
		{F0799CA4-5FB3-21AD-2B82-FFFDBA943255} = {04A5E706-B6F4-5739-5C47-876A263A2FEF}
		{5DA02FD0-B676-78B1-7883-8D33B32F3695} = {04A5E706-B6F4-5739-5C47-876A263A2FEF}
		{615F6AAC-53E7-B603-E48A-C5F32DBA364F} = {04A5E706-B6F4-5739-5C47-876A263A2FEF}
		{0FA9C572-DA0C-6A50-9E31-6BAB23F8934C} = {04A5E706-B6F4-5739-5C47-876A263A2FEF}
		{75B8478F-93C2-0162-408E-D51CEC4D6ACE} = {04A5E706-B6F4-5739-5C47-876A263A2FEF}
		{ADBE3826-5366-CC7F-1C1C-57A65A289B4F} = {91E7E143-6847-8364-5605-EB8D09635DB9}
		{080559AF-4ED5-A1CD-0006-E4822C854EAC} = {ADBE3826-5366-CC7F-1C1C-57A65A289B4F}
		{BFF6114A-B395-174D-609D-D4C95952BF8A} = {ADBE3826-5366-CC7F-1C1C-57A65A289B4F}
		{6DDA5039-C3F5-20FD-45BF-D33FC0ABEB79} = {ADBE3826-5366-CC7F-1C1C-57A65A289B4F}
		{2051B728-25E8-2BCB-959F-5C3FE02E9BFC} = {ADBE3826-5366-CC7F-1C1C-57A65A289B4F}
		{EA9E4EE8-44E0-75FB-F2DE-71625742391E} = {ADBE3826-5366-CC7F-1C1C-57A65A289B4F}
		{A91D8805-112C-A95C-5B5D-B1FBFD8779C6} = {91E7E143-6847-8364-5605-EB8D09635DB9}
		{C54657B5-612B-35C2-D2C4-82E720CE7BAB} = {A91D8805-112C-A95C-5B5D-B1FBFD8779C6}
		{C480F36E-4E54-07A3-844E-A5717D4F9099} = {91E7E143-6847-8364-5605-EB8D09635DB9}
		{7B34410D-4554-56D5-2067-31EE09F1B85E} = {C480F36E-4E54-07A3-844E-A5717D4F9099}
	EndGlobalSection
	GlobalSection(ExtensibilityGlobals) = postSolution
		SolutionGuid = {95E73C97-14F2-4099-9D52-26FE3EF4F069}
	EndGlobalSection
EndGlobal
